
Microsoft Visual Studio Solution File, Format Version 12.00
# Visual Studio Version 16
VisualStudioVersion = 16.0.30330.147
MinimumVisualStudioVersion = 10.0.40219.1
Project("{8BC9CEB8-8B4A-11D0-8D11-00A0C91BC942}") = "MFC_Ccontact", "MFC_Ccontact\MFC_Ccontact.vcxproj", "{350DB68B-46C5-453F-B9D2-27F832E3AA3F}"
EndProject
Project("{8BC9CEB8-8B4A-11D0-8D11-00A0C91BC942}") = "MFCContactManagerMon2", "MFCContactManagerMon2\MFCContactManagerMon2.vcxproj", "{9976BFBF-EF28-434D-A38B-C057654AD077}"
EndProject
Project("{8BC9CEB8-8B4A-11D0-8D11-00A0C91BC942}") = "MFCStringMonster", "MFCStringMonster\MFCStringMonster.vcxproj", "{ADD88D70-7AE9-44F1-9AF5-EEA410BFD827}"
EndProject
Global
	GlobalSection(SolutionConfigurationPlatforms) = preSolution
		Debug|x64 = Debug|x64
		Debug|x86 = Debug|x86
		Release|x64 = Release|x64
		Release|x86 = Release|x86
	EndGlobalSection
	GlobalSection(ProjectConfigurationPlatforms) = postSolution
		{350DB68B-46C5-453F-B9D2-27F832E3AA3F}.Debug|x64.ActiveCfg = Debug|x64
		{350DB68B-46C5-453F-B9D2-27F832E3AA3F}.Debug|x64.Build.0 = Debug|x64
		{350DB68B-46C5-453F-B9D2-27F832E3AA3F}.Debug|x86.ActiveCfg = Debug|Win32
		{350DB68B-46C5-453F-B9D2-27F832E3AA3F}.Debug|x86.Build.0 = Debug|Win32
		{350DB68B-46C5-453F-B9D2-27F832E3AA3F}.Release|x64.ActiveCfg = Release|x64
		{350DB68B-46C5-453F-B9D2-27F832E3AA3F}.Release|x64.Build.0 = Release|x64
		{350DB68B-46C5-453F-B9D2-27F832E3AA3F}.Release|x86.ActiveCfg = Release|Win32
		{350DB68B-46C5-453F-B9D2-27F832E3AA3F}.Release|x86.Build.0 = Release|Win32
		{9976BFBF-EF28-434D-A38B-C057654AD077}.Debug|x64.ActiveCfg = Debug|x64
		{9976BFBF-EF28-434D-A38B-C057654AD077}.Debug|x64.Build.0 = Debug|x64
		{9976BFBF-EF28-434D-A38B-C057654AD077}.Debug|x86.ActiveCfg = Debug|Win32
		{9976BFBF-EF28-434D-A38B-C057654AD077}.Debug|x86.Build.0 = Debug|Win32
		{9976BFBF-EF28-434D-A38B-C057654AD077}.Release|x64.ActiveCfg = Release|x64
		{9976BFBF-EF28-434D-A38B-C057654AD077}.Release|x64.Build.0 = Release|x64
		{9976BFBF-EF28-434D-A38B-C057654AD077}.Release|x86.ActiveCfg = Release|Win32
		{9976BFBF-EF28-434D-A38B-C057654AD077}.Release|x86.Build.0 = Release|Win32
		{ADD88D70-7AE9-44F1-9AF5-EEA410BFD827}.Debug|x64.ActiveCfg = Debug|x64
		{ADD88D70-7AE9-44F1-9AF5-EEA410BFD827}.Debug|x64.Build.0 = Debug|x64
		{ADD88D70-7AE9-44F1-9AF5-EEA410BFD827}.Debug|x86.ActiveCfg = Debug|Win32
		{ADD88D70-7AE9-44F1-9AF5-EEA410BFD827}.Debug|x86.Build.0 = Debug|Win32
		{ADD88D70-7AE9-44F1-9AF5-EEA410BFD827}.Release|x64.ActiveCfg = Release|x64
		{ADD88D70-7AE9-44F1-9AF5-EEA410BFD827}.Release|x64.Build.0 = Release|x64
		{ADD88D70-7AE9-44F1-9AF5-EEA410BFD827}.Release|x86.ActiveCfg = Release|Win32
		{ADD88D70-7AE9-44F1-9AF5-EEA410BFD827}.Release|x86.Build.0 = Release|Win32
	EndGlobalSection
	GlobalSection(SolutionProperties) = preSolution
		HideSolutionNode = FALSE
	EndGlobalSection
	GlobalSection(ExtensibilityGlobals) = postSolution
		SolutionGuid = {F20B49C0-384F-4D78-A830-6E2095C0D9D7}
	EndGlobalSection
EndGlobal
