
Microsoft Visual Studio Solution File, Format Version 12.00
# Visual Studio Version 16
VisualStudioVersion = 16.0.30330.147
MinimumVisualStudioVersion = 10.0.40219.1
Project("{8BC9CEB8-8B4A-11D0-8D11-00A0C91BC942}") = "MFCApplication1", "MFCApplication1\MFCApplication1.vcxproj", "{CDEE7ABE-A078-4B2F-8DBF-570D1B4132DD}"
EndProject
Global
	GlobalSection(SolutionConfigurationPlatforms) = preSolution
		Debug|x64 = Debug|x64
		Debug|x86 = Debug|x86
		Release|x64 = Release|x64
		Release|x86 = Release|x86
	EndGlobalSection
	GlobalSection(ProjectConfigurationPlatforms) = postSolution
		{CDEE7ABE-A078-4B2F-8DBF-570D1B4132DD}.Debug|x64.ActiveCfg = Debug|x64
		{CDEE7ABE-A078-4B2F-8DBF-570D1B4132DD}.Debug|x64.Build.0 = Debug|x64
		{CDEE7ABE-A078-4B2F-8DBF-570D1B4132DD}.Debug|x86.ActiveCfg = Debug|Win32
		{CDEE7ABE-A078-4B2F-8DBF-570D1B4132DD}.Debug|x86.Build.0 = Debug|Win32
		{CDEE7ABE-A078-4B2F-8DBF-570D1B4132DD}.Release|x64.ActiveCfg = Release|x64
		{CDEE7ABE-A078-4B2F-8DBF-570D1B4132DD}.Release|x64.Build.0 = Release|x64
		{CDEE7ABE-A078-4B2F-8DBF-570D1B4132DD}.Release|x86.ActiveCfg = Release|Win32
		{CDEE7ABE-A078-4B2F-8DBF-570D1B4132DD}.Release|x86.Build.0 = Release|Win32
	EndGlobalSection
	GlobalSection(SolutionProperties) = preSolution
		HideSolutionNode = FALSE
	EndGlobalSection
	GlobalSection(ExtensibilityGlobals) = postSolution
		SolutionGuid = {12DEB949-2B09-43A7-A9D0-FDA7152446DB}
	EndGlobalSection
EndGlobal
