
Microsoft Visual Studio Solution File, Format Version 12.00
# Visual Studio Version 16
VisualStudioVersion = 16.0.30330.147
MinimumVisualStudioVersion = 10.0.40219.1
Project("{8BC9CEB8-8B4A-11D0-8D11-00A0C91BC942}") = "MFC연락처 관리 시스템1", "MFC연락처 관리 시스템1\MFC연락처 관리 시스템1.vcxproj", "{1E66AE17-9942-4725-A28D-3C8B8C49070A}"
EndProject
Global
	GlobalSection(SolutionConfigurationPlatforms) = preSolution
		Debug|x64 = Debug|x64
		Debug|x86 = Debug|x86
		Release|x64 = Release|x64
		Release|x86 = Release|x86
	EndGlobalSection
	GlobalSection(ProjectConfigurationPlatforms) = postSolution
		{1E66AE17-9942-4725-A28D-3C8B8C49070A}.Debug|x64.ActiveCfg = Debug|x64
		{1E66AE17-9942-4725-A28D-3C8B8C49070A}.Debug|x64.Build.0 = Debug|x64
		{1E66AE17-9942-4725-A28D-3C8B8C49070A}.Debug|x86.ActiveCfg = Debug|Win32
		{1E66AE17-9942-4725-A28D-3C8B8C49070A}.Debug|x86.Build.0 = Debug|Win32
		{1E66AE17-9942-4725-A28D-3C8B8C49070A}.Release|x64.ActiveCfg = Release|x64
		{1E66AE17-9942-4725-A28D-3C8B8C49070A}.Release|x64.Build.0 = Release|x64
		{1E66AE17-9942-4725-A28D-3C8B8C49070A}.Release|x86.ActiveCfg = Release|Win32
		{1E66AE17-9942-4725-A28D-3C8B8C49070A}.Release|x86.Build.0 = Release|Win32
	EndGlobalSection
	GlobalSection(SolutionProperties) = preSolution
		HideSolutionNode = FALSE
	EndGlobalSection
	GlobalSection(ExtensibilityGlobals) = postSolution
		SolutionGuid = {372881B0-5021-46EF-858F-213A904CB62F}
	EndGlobalSection
EndGlobal
